
Microsoft Visual Studio Solution File, Format Version 12.00
# Visual Studio Version 17
VisualStudioVersion = 17.4.33213.308
MinimumVisualStudioVersion = 10.0.40219.1
Project("{FAE04EC0-301F-11D3-BF4B-00C04F79EFBC}") = "RmiNetWCFClient", "RmiNetWCF\RmiNetWCFClient.csproj", "{2C5DE2AE-B693-4024-AA38-1741891ABFF2}"
EndProject
Project("{FAE04EC0-301F-11D3-BF4B-00C04F79EFBC}") = "WCFService", "WCFService\WCFService.csproj", "{AB394043-77FC-4B94-BE5A-446E50A1303F}"
EndProject
Project("{FAE04EC0-301F-11D3-BF4B-00C04F79EFBC}") = "RmiNetWCFServer", "RmiNetWCFServer\RmiNetWCFServer.csproj", "{1B76437A-9ECB-4964-8DF9-79210784351B}"
EndProject
Global
	GlobalSection(SolutionConfigurationPlatforms) = preSolution
		Debug|Any CPU = Debug|Any CPU
		Release|Any CPU = Release|Any CPU
	EndGlobalSection
	GlobalSection(ProjectConfigurationPlatforms) = postSolution
		{2C5DE2AE-B693-4024-AA38-1741891ABFF2}.Debug|Any CPU.ActiveCfg = Debug|Any CPU
		{2C5DE2AE-B693-4024-AA38-1741891ABFF2}.Debug|Any CPU.Build.0 = Debug|Any CPU
		{2C5DE2AE-B693-4024-AA38-1741891ABFF2}.Release|Any CPU.ActiveCfg = Release|Any CPU
		{2C5DE2AE-B693-4024-AA38-1741891ABFF2}.Release|Any CPU.Build.0 = Release|Any CPU
		{AB394043-77FC-4B94-BE5A-446E50A1303F}.Debug|Any CPU.ActiveCfg = Debug|Any CPU
		{AB394043-77FC-4B94-BE5A-446E50A1303F}.Debug|Any CPU.Build.0 = Debug|Any CPU
		{AB394043-77FC-4B94-BE5A-446E50A1303F}.Release|Any CPU.ActiveCfg = Release|Any CPU
		{AB394043-77FC-4B94-BE5A-446E50A1303F}.Release|Any CPU.Build.0 = Release|Any CPU
		{1B76437A-9ECB-4964-8DF9-79210784351B}.Debug|Any CPU.ActiveCfg = Debug|Any CPU
		{1B76437A-9ECB-4964-8DF9-79210784351B}.Debug|Any CPU.Build.0 = Debug|Any CPU
		{1B76437A-9ECB-4964-8DF9-79210784351B}.Release|Any CPU.ActiveCfg = Release|Any CPU
		{1B76437A-9ECB-4964-8DF9-79210784351B}.Release|Any CPU.Build.0 = Release|Any CPU
	EndGlobalSection
	GlobalSection(SolutionProperties) = preSolution
		HideSolutionNode = FALSE
	EndGlobalSection
	GlobalSection(ExtensibilityGlobals) = postSolution
		SolutionGuid = {384AC3DD-9D64-4F21-B82C-6F5F5D4666ED}
	EndGlobalSection
EndGlobal
